
Microsoft Visual Studio Solution File, Format Version 12.00
# Visual Studio Version 17
VisualStudioVersion = 17.14.37516.0 d17.14
MinimumVisualStudioVersion = 10.0.40219.1
Project("{FAE04EC0-301F-11D3-BF4B-00C04F79EFBC}") = "WinFormsApp1", "WinFormsApp1\WinFormsApp1.csproj", "{BE18CB88-09BC-435F-94E8-BB1F86430240}"
EndProject
Global
	GlobalSection(SolutionConfigurationPlatforms) = preSolution
		Debug|Any CPU = Debug|Any CPU
		Release|Any CPU = Release|Any CPU
	EndGlobalSection
	GlobalSection(ProjectConfigurationPlatforms) = postSolution
		{BE18CB88-09BC-435F-94E8-BB1F86430240}.Debug|Any CPU.ActiveCfg = Debug|Any CPU
		{BE18CB88-09BC-435F-94E8-BB1F86430240}.Debug|Any CPU.Build.0 = Debug|Any CPU
		{BE18CB88-09BC-435F-94E8-BB1F86430240}.Release|Any CPU.ActiveCfg = Release|Any CPU
		{BE18CB88-09BC-435F-94E8-BB1F86430240}.Release|Any CPU.Build.0 = Release|Any CPU
	EndGlobalSection
	GlobalSection(SolutionProperties) = preSolution
		HideSolutionNode = FALSE
	EndGlobalSection
	GlobalSection(ExtensibilityGlobals) = postSolution
		SolutionGuid = {42677FEE-6F2B-4461-BED4-16CB09AB2A73}
	EndGlobalSection
EndGlobal
